
Microsoft Visual Studio Solution File, Format Version 12.00
# Visual Studio Version 16
VisualStudioVersion = 16.0.30413.136
MinimumVisualStudioVersion = 10.0.40219.1
Project("{FAE04EC0-301F-11D3-BF4B-00C04F79EFBC}") = "PatternsExamples", "PatternsExamples\PatternsExamples.csproj", "{D1B966E0-BBC5-4266-B0A3-18AAD01EDDB4}"
EndProject
Global
	GlobalSection(SolutionConfigurationPlatforms) = preSolution
		Debug|Any CPU = Debug|Any CPU
		Release|Any CPU = Release|Any CPU
	EndGlobalSection
	GlobalSection(ProjectConfigurationPlatforms) = postSolution
		{D1B966E0-BBC5-4266-B0A3-18AAD01EDDB4}.Debug|Any CPU.ActiveCfg = Debug|Any CPU
		{D1B966E0-BBC5-4266-B0A3-18AAD01EDDB4}.Debug|Any CPU.Build.0 = Debug|Any CPU
		{D1B966E0-BBC5-4266-B0A3-18AAD01EDDB4}.Release|Any CPU.ActiveCfg = Release|Any CPU
		{D1B966E0-BBC5-4266-B0A3-18AAD01EDDB4}.Release|Any CPU.Build.0 = Release|Any CPU
	EndGlobalSection
	GlobalSection(SolutionProperties) = preSolution
		HideSolutionNode = FALSE
	EndGlobalSection
	GlobalSection(ExtensibilityGlobals) = postSolution
		SolutionGuid = {2CD8954A-D5D9-43FB-8B00-71BA8F59480E}
	EndGlobalSection
EndGlobal
